Microsoft Visual Studio Solution File, Format Version 9.00
# Visual Studio 2005
Project("{FAE04EC0-301F-11D3-BF4B-00C04F79EFBC}") = "CommentReflower", "CommentReflower\CommentReflower.csproj", "{A6C31D38-ABB9-4A05-AA70-01CFF14190F9}"
EndProject
Project("{54435603-DBB4-11D2-8724-00A0C9A8B90C}") = "CommentReflowerSetup", "CommentReflowerSetup\CommentReflowerSetup.vdproj", "{1FD861E1-A575-4613-AF41-CCBD76238C72}"
EndProject
Project("{FAE04EC0-301F-11D3-BF4B-00C04F79EFBC}") = "CommentReflowerLib", "CommentReflowerLib\CommentReflowerLib.csproj", "{8A754D5F-6005-4CD5-907F-D66B131CB387}"
EndProject
Project("{FAE04EC0-301F-11D3-BF4B-00C04F79EFBC}") = "CommentReflowerTest", "CommentReflowerTest\CommentReflowerTest.csproj", "{8DA7DD2D-784D-421A-922D-63B0AC3867A0}"
EndProject
Global
	GlobalSection(SolutionConfigurationPlatforms) = preSolution
		Debug|Any CPU = Debug|Any CPU
		Release|Any CPU = Release|Any CPU
	EndGlobalSection
	GlobalSection(ProjectConfigurationPlatforms) = postSolution
		{A6C31D38-ABB9-4A05-AA70-01CFF14190F9}.Debug|Any CPU.ActiveCfg = Debug|Any CPU
		{A6C31D38-ABB9-4A05-AA70-01CFF14190F9}.Debug|Any CPU.Build.0 = Debug|Any CPU
		{A6C31D38-ABB9-4A05-AA70-01CFF14190F9}.Release|Any CPU.ActiveCfg = Release|Any CPU
		{A6C31D38-ABB9-4A05-AA70-01CFF14190F9}.Release|Any CPU.Build.0 = Release|Any CPU
		{1FD861E1-A575-4613-AF41-CCBD76238C72}.Debug|Any CPU.ActiveCfg = Debug
		{1FD861E1-A575-4613-AF41-CCBD76238C72}.Release|Any CPU.ActiveCfg = Release
		{8A754D5F-6005-4CD5-907F-D66B131CB387}.Debug|Any CPU.ActiveCfg = Debug|Any CPU
		{8A754D5F-6005-4CD5-907F-D66B131CB387}.Debug|Any CPU.Build.0 = Debug|Any CPU
		{8A754D5F-6005-4CD5-907F-D66B131CB387}.Release|Any CPU.ActiveCfg = Release|Any CPU
		{8A754D5F-6005-4CD5-907F-D66B131CB387}.Release|Any CPU.Build.0 = Release|Any CPU
		{8DA7DD2D-784D-421A-922D-63B0AC3867A0}.Debug|Any CPU.ActiveCfg = Debug|Any CPU
		{8DA7DD2D-784D-421A-922D-63B0AC3867A0}.Debug|Any CPU.Build.0 = Debug|Any CPU
		{8DA7DD2D-784D-421A-922D-63B0AC3867A0}.Release|Any CPU.ActiveCfg = Release|Any CPU
		{8DA7DD2D-784D-421A-922D-63B0AC3867A0}.Release|Any CPU.Build.0 = Release|Any CPU
	EndGlobalSection
	GlobalSection(SolutionProperties) = preSolution
		HideSolutionNode = FALSE
	EndGlobalSection
EndGlobal
